
Microsoft Visual Studio Solution File, Format Version 12.00
# Visual Studio Version 16
VisualStudioVersion = 16.0.33927.289
MinimumVisualStudioVersion = 10.0.40219.1
Project("{FAE04EC0-301F-11D3-BF4B-00C04F79EFBC}") = "Orders.Web", "Orders.Web\Orders.Web.csproj", "{1857E665-3CD0-4899-AD39-C8E22B128B56}"
EndProject
Project("{FAE04EC0-301F-11D3-BF4B-00C04F79EFBC}") = "Orders.DAL", "Orders.DAL\Orders.DAL.csproj", "{66ED36BF-46E8-4F9B-B941-2A1EBCBCB026}"
EndProject
Project("{00D1A9C2-B5F0-4AF3-8072-F6C62B433612}") = "OrdersDb", "OrdersDb\OrdersDb.sqlproj", "{41958A8E-3729-4DA9-9B0F-05B4CAB9B0E9}"
EndProject
Global
	GlobalSection(SolutionConfigurationPlatforms) = preSolution
		Debug|Any CPU = Debug|Any CPU
		Release|Any CPU = Release|Any CPU
	EndGlobalSection
	GlobalSection(ProjectConfigurationPlatforms) = postSolution
		{1857E665-3CD0-4899-AD39-C8E22B128B56}.Debug|Any CPU.ActiveCfg = Debug|Any CPU
		{1857E665-3CD0-4899-AD39-C8E22B128B56}.Debug|Any CPU.Build.0 = Debug|Any CPU
		{1857E665-3CD0-4899-AD39-C8E22B128B56}.Release|Any CPU.ActiveCfg = Release|Any CPU
		{1857E665-3CD0-4899-AD39-C8E22B128B56}.Release|Any CPU.Build.0 = Release|Any CPU
		{66ED36BF-46E8-4F9B-B941-2A1EBCBCB026}.Debug|Any CPU.ActiveCfg = Debug|Any CPU
		{66ED36BF-46E8-4F9B-B941-2A1EBCBCB026}.Debug|Any CPU.Build.0 = Debug|Any CPU
		{66ED36BF-46E8-4F9B-B941-2A1EBCBCB026}.Release|Any CPU.ActiveCfg = Release|Any CPU
		{66ED36BF-46E8-4F9B-B941-2A1EBCBCB026}.Release|Any CPU.Build.0 = Release|Any CPU
		{41958A8E-3729-4DA9-9B0F-05B4CAB9B0E9}.Debug|Any CPU.ActiveCfg = Debug|Any CPU
		{41958A8E-3729-4DA9-9B0F-05B4CAB9B0E9}.Debug|Any CPU.Build.0 = Debug|Any CPU
		{41958A8E-3729-4DA9-9B0F-05B4CAB9B0E9}.Debug|Any CPU.Deploy.0 = Debug|Any CPU
		{41958A8E-3729-4DA9-9B0F-05B4CAB9B0E9}.Release|Any CPU.ActiveCfg = Release|Any CPU
		{41958A8E-3729-4DA9-9B0F-05B4CAB9B0E9}.Release|Any CPU.Build.0 = Release|Any CPU
		{41958A8E-3729-4DA9-9B0F-05B4CAB9B0E9}.Release|Any CPU.Deploy.0 = Release|Any CPU
	EndGlobalSection
	GlobalSection(SolutionProperties) = preSolution
		HideSolutionNode = FALSE
	EndGlobalSection
	GlobalSection(ExtensibilityGlobals) = postSolution
		SolutionGuid = {CD3A02D1-0BB4-4A6A-914D-4D4D73D5D625}
	EndGlobalSection
EndGlobal
