
Microsoft Visual Studio Solution File, Format Version 12.00
# Visual Studio Version 17
VisualStudioVersion = 17.6.33712.159
MinimumVisualStudioVersion = 10.0.40219.1
Project("{FAE04EC0-301F-11D3-BF4B-00C04F79EFBC}") = "Orders.Web", "Orders.Web\Orders.Web.csproj", "{F107E77E-0769-468E-B221-B59E0977673F}"
EndProject
Project("{FAE04EC0-301F-11D3-BF4B-00C04F79EFBC}") = "Orders.DAL", "Orders.DAL\Orders.DAL.csproj", "{B52B8182-B621-465A-9409-3AB072CF4A18}"
EndProject
Global
	GlobalSection(SolutionConfigurationPlatforms) = preSolution
		Debug|Any CPU = Debug|Any CPU
		Release|Any CPU = Release|Any CPU
	EndGlobalSection
	GlobalSection(ProjectConfigurationPlatforms) = postSolution
		{F107E77E-0769-468E-B221-B59E0977673F}.Debug|Any CPU.ActiveCfg = Debug|Any CPU
		{F107E77E-0769-468E-B221-B59E0977673F}.Debug|Any CPU.Build.0 = Debug|Any CPU
		{F107E77E-0769-468E-B221-B59E0977673F}.Release|Any CPU.ActiveCfg = Release|Any CPU
		{F107E77E-0769-468E-B221-B59E0977673F}.Release|Any CPU.Build.0 = Release|Any CPU
		{B52B8182-B621-465A-9409-3AB072CF4A18}.Debug|Any CPU.ActiveCfg = Debug|Any CPU
		{B52B8182-B621-465A-9409-3AB072CF4A18}.Debug|Any CPU.Build.0 = Debug|Any CPU
		{B52B8182-B621-465A-9409-3AB072CF4A18}.Release|Any CPU.ActiveCfg = Release|Any CPU
		{B52B8182-B621-465A-9409-3AB072CF4A18}.Release|Any CPU.Build.0 = Release|Any CPU
	EndGlobalSection
	GlobalSection(SolutionProperties) = preSolution
		HideSolutionNode = FALSE
	EndGlobalSection
	GlobalSection(ExtensibilityGlobals) = postSolution
		SolutionGuid = {6A40940D-DF65-4034-814A-E3652572D983}
	EndGlobalSection
EndGlobal
